
Microsoft Visual Studio Solution File, Format Version 12.00
# Visual Studio 15
VisualStudioVersion = 15.0.26730.16
MinimumVisualStudioVersion = 10.0.40219.1
Project("{FAE04EC0-301F-11D3-BF4B-00C04F79EFBC}") = "Starsea.DB", "Starsea.DB\Starsea.DB.csproj", "{AFB87A51-B015-44A7-AC89-66260A793EAC}"
EndProject
Project("{FAE04EC0-301F-11D3-BF4B-00C04F79EFBC}") = "Starsea.Helper", "Starsea.Helper\Starsea.Helper.csproj", "{39840C45-6839-4D54-8EBA-089C537884BF}"
EndProject
Project("{FAE04EC0-301F-11D3-BF4B-00C04F79EFBC}") = "Starsea.Framework", "Starsea.Framework\Starsea.Framework.csproj", "{0F026712-F7EF-4310-B4EB-DC1CFA2B598F}"
EndProject
Project("{FAE04EC0-301F-11D3-BF4B-00C04F79EFBC}") = "Starsea.UIControl", "Starsea.UI.Control\Starsea.UIControl.csproj", "{06ECE53A-1F9D-4576-9639-6C7B95C31C78}"
EndProject
Project("{FAE04EC0-301F-11D3-BF4B-00C04F79EFBC}") = "Starsea.Workflow", "Starsea.Workflow\Starsea.Workflow.csproj", "{4737DDCC-148F-4E24-862F-870748F9C2BF}"
EndProject
Project("{FAE04EC0-301F-11D3-BF4B-00C04F79EFBC}") = "Starsea.Form", "Starsea.Form\Starsea.Form.csproj", "{09B7410C-9099-4160-90F5-DF7F4BA05647}"
EndProject
Project("{FAE04EC0-301F-11D3-BF4B-00C04F79EFBC}") = "Starsea.Desktop", "Starsea.Desktop\Starsea.Desktop.csproj", "{4EE05FF0-D34E-4109-9C1B-688F208C3F9E}"
EndProject
Project("{2150E333-8FDC-42A3-9474-1A3956D46DE8}") = "core", "core", "{2C3BC205-FA15-46BE-A8E5-16F6CF57ACFA}"
EndProject
Project("{2150E333-8FDC-42A3-9474-1A3956D46DE8}") = "plug-ins", "plug-ins", "{E495CAAE-9E87-4F96-A98D-08A5DA0EFFEA}"
EndProject
Project("{FAE04EC0-301F-11D3-BF4B-00C04F79EFBC}") = "Starsea.Console", "Starsea.Console\Starsea.Console.csproj", "{8FD822A7-DB28-4CE2-A273-2E02A6495C30}"
EndProject
Project("{2150E333-8FDC-42A3-9474-1A3956D46DE8}") = "MiddleLibrary", "MiddleLibrary", "{8FD0B93D-9C46-4B1D-96A1-F7F31AF4ADD1}"
EndProject
Project("{FAE04EC0-301F-11D3-BF4B-00C04F79EFBC}") = "OVIT.BDC.MiddleLabrary.Data", "OVIT.BDC.MiddleLabrary.Data\OVIT.BDC.MiddleLabrary.Data.csproj", "{868077BB-E34C-4943-838B-4C7E0B8034E7}"
EndProject
Project("{FAE04EC0-301F-11D3-BF4B-00C04F79EFBC}") = "OVIT.BDC.MiddleLabrary.Controls", "OVIT.BDC.MiddleLabrary.Controls\OVIT.BDC.MiddleLabrary.Controls.csproj", "{31770179-403C-4402-9AC9-16D9F0772930}"
EndProject
Project("{FAE04EC0-301F-11D3-BF4B-00C04F79EFBC}") = "OVIT.BDC.MiddleLabrary.Main", "OVIT.BDC.MiddleLabrary.Main\OVIT.BDC.MiddleLabrary.Main.csproj", "{C94A3DB2-A5B9-457B-8117-E36D8ACC4D02}"
EndProject
Project("{FAE04EC0-301F-11D3-BF4B-00C04F79EFBC}") = "Starsea.DataAnalyze.Main", "Starsea.DataAnalyze.Main\Starsea.DataAnalyze.Main.csproj", "{0DBDD37D-CF21-4C1B-87A7-228DB8F7A676}"
EndProject
Project("{FAE04EC0-301F-11D3-BF4B-00C04F79EFBC}") = "Starsea.DataAnalyze.DB", "Starsea.DataAnalyze.DB\Starsea.DataAnalyze.DB.csproj", "{D8B339E5-89DB-4CF1-B247-BFC181678428}"
EndProject
Project("{FAE04EC0-301F-11D3-BF4B-00C04F79EFBC}") = "Starsea.DataAnalyze.UserObjectNav", "Starsea.DataAnlalyze.UserObjectNav\Starsea.DataAnalyze.UserObjectNav.csproj", "{9F92C14F-C68B-486B-B20F-B9CD02206D57}"
EndProject
Project("{2150E333-8FDC-42A3-9474-1A3956D46DE8}") = "DataAnalyze", "DataAnalyze", "{BF7B53A8-1924-41F0-8926-FDE7E4718B70}"
EndProject
Project("{2150E333-8FDC-42A3-9474-1A3956D46DE8}") = "Test1", "Test1", "{C6E2D33D-3B70-49E4-A7F5-B022094350CA}"
EndProject
Project("{FAE04EC0-301F-11D3-BF4B-00C04F79EFBC}") = "Starsea.Plugin.Test1", "Starsea.Plugin.Test1\Starsea.Plugin.Test1.csproj", "{1DC9CD28-E708-4EA4-B49C-2FBBDA4039EB}"
EndProject
Project("{2150E333-8FDC-42A3-9474-1A3956D46DE8}") = "Test2", "Test2", "{B5DFDE0C-AF69-4863-ACDD-2739C481D59A}"
EndProject
Project("{FAE04EC0-301F-11D3-BF4B-00C04F79EFBC}") = "Starsea.Plugin.Test2", "Starsea.Plugin.Test2\Starsea.Plugin.Test2.csproj", "{FDA60E60-49D8-4437-BA3E-5F56231078DC}"
EndProject
Project("{2150E333-8FDC-42A3-9474-1A3956D46DE8}") = "BdcBizTools", "BdcBizTools", "{B3D7A9C3-BF0F-462D-8F91-027DC4E3F193}"
EndProject
Project("{FAE04EC0-301F-11D3-BF4B-00C04F79EFBC}") = "OVIT.BDC.ExchangeData.Tools", "OVIT.BDC.ExchangeData.Tools\OVIT.BDC.ExchangeData.Tools.csproj", "{409011C7-AC7B-4501-9A54-059774D73C33}"
EndProject
Global
	GlobalSection(SolutionConfigurationPlatforms) = preSolution
		Debug|Any CPU = Debug|Any CPU
		Release|Any CPU = Release|Any CPU
	EndGlobalSection
	GlobalSection(ProjectConfigurationPlatforms) = postSolution
		{AFB87A51-B015-44A7-AC89-66260A793EAC}.Debug|Any CPU.ActiveCfg = Debug|Any CPU
		{AFB87A51-B015-44A7-AC89-66260A793EAC}.Debug|Any CPU.Build.0 = Debug|Any CPU
		{AFB87A51-B015-44A7-AC89-66260A793EAC}.Release|Any CPU.ActiveCfg = Release|Any CPU
		{AFB87A51-B015-44A7-AC89-66260A793EAC}.Release|Any CPU.Build.0 = Release|Any CPU
		{39840C45-6839-4D54-8EBA-089C537884BF}.Debug|Any CPU.ActiveCfg = Debug|Any CPU
		{39840C45-6839-4D54-8EBA-089C537884BF}.Debug|Any CPU.Build.0 = Debug|Any CPU
		{39840C45-6839-4D54-8EBA-089C537884BF}.Release|Any CPU.ActiveCfg = Release|Any CPU
		{39840C45-6839-4D54-8EBA-089C537884BF}.Release|Any CPU.Build.0 = Release|Any CPU
		{0F026712-F7EF-4310-B4EB-DC1CFA2B598F}.Debug|Any CPU.ActiveCfg = Debug|Any CPU
		{0F026712-F7EF-4310-B4EB-DC1CFA2B598F}.Debug|Any CPU.Build.0 = Debug|Any CPU
		{0F026712-F7EF-4310-B4EB-DC1CFA2B598F}.Release|Any CPU.ActiveCfg = Release|Any CPU
		{0F026712-F7EF-4310-B4EB-DC1CFA2B598F}.Release|Any CPU.Build.0 = Release|Any CPU
		{06ECE53A-1F9D-4576-9639-6C7B95C31C78}.Debug|Any CPU.ActiveCfg = Debug|Any CPU
		{06ECE53A-1F9D-4576-9639-6C7B95C31C78}.Debug|Any CPU.Build.0 = Debug|Any CPU
		{06ECE53A-1F9D-4576-9639-6C7B95C31C78}.Release|Any CPU.ActiveCfg = Release|Any CPU
		{06ECE53A-1F9D-4576-9639-6C7B95C31C78}.Release|Any CPU.Build.0 = Release|Any CPU
		{4737DDCC-148F-4E24-862F-870748F9C2BF}.Debug|Any CPU.ActiveCfg = Debug|Any CPU
		{4737DDCC-148F-4E24-862F-870748F9C2BF}.Debug|Any CPU.Build.0 = Debug|Any CPU
		{4737DDCC-148F-4E24-862F-870748F9C2BF}.Release|Any CPU.ActiveCfg = Release|Any CPU
		{4737DDCC-148F-4E24-862F-870748F9C2BF}.Release|Any CPU.Build.0 = Release|Any CPU
		{09B7410C-9099-4160-90F5-DF7F4BA05647}.Debug|Any CPU.ActiveCfg = Debug|Any CPU
		{09B7410C-9099-4160-90F5-DF7F4BA05647}.Debug|Any CPU.Build.0 = Debug|Any CPU
		{09B7410C-9099-4160-90F5-DF7F4BA05647}.Release|Any CPU.ActiveCfg = Release|Any CPU
		{09B7410C-9099-4160-90F5-DF7F4BA05647}.Release|Any CPU.Build.0 = Release|Any CPU
		{4EE05FF0-D34E-4109-9C1B-688F208C3F9E}.Debug|Any CPU.ActiveCfg = Debug|Any CPU
		{4EE05FF0-D34E-4109-9C1B-688F208C3F9E}.Debug|Any CPU.Build.0 = Debug|Any CPU
		{4EE05FF0-D34E-4109-9C1B-688F208C3F9E}.Release|Any CPU.ActiveCfg = Release|Any CPU
		{4EE05FF0-D34E-4109-9C1B-688F208C3F9E}.Release|Any CPU.Build.0 = Release|Any CPU
		{8FD822A7-DB28-4CE2-A273-2E02A6495C30}.Debug|Any CPU.ActiveCfg = Debug|Any CPU
		{8FD822A7-DB28-4CE2-A273-2E02A6495C30}.Debug|Any CPU.Build.0 = Debug|Any CPU
		{8FD822A7-DB28-4CE2-A273-2E02A6495C30}.Release|Any CPU.ActiveCfg = Release|Any CPU
		{8FD822A7-DB28-4CE2-A273-2E02A6495C30}.Release|Any CPU.Build.0 = Release|Any CPU
		{868077BB-E34C-4943-838B-4C7E0B8034E7}.Debug|Any CPU.ActiveCfg = Debug|Any CPU
		{868077BB-E34C-4943-838B-4C7E0B8034E7}.Debug|Any CPU.Build.0 = Debug|Any CPU
		{868077BB-E34C-4943-838B-4C7E0B8034E7}.Release|Any CPU.ActiveCfg = Release|Any CPU
		{868077BB-E34C-4943-838B-4C7E0B8034E7}.Release|Any CPU.Build.0 = Release|Any CPU
		{31770179-403C-4402-9AC9-16D9F0772930}.Debug|Any CPU.ActiveCfg = Debug|Any CPU
		{31770179-403C-4402-9AC9-16D9F0772930}.Debug|Any CPU.Build.0 = Debug|Any CPU
		{31770179-403C-4402-9AC9-16D9F0772930}.Release|Any CPU.ActiveCfg = Release|Any CPU
		{31770179-403C-4402-9AC9-16D9F0772930}.Release|Any CPU.Build.0 = Release|Any CPU
		{C94A3DB2-A5B9-457B-8117-E36D8ACC4D02}.Debug|Any CPU.ActiveCfg = Debug|Any CPU
		{C94A3DB2-A5B9-457B-8117-E36D8ACC4D02}.Debug|Any CPU.Build.0 = Debug|Any CPU
		{C94A3DB2-A5B9-457B-8117-E36D8ACC4D02}.Release|Any CPU.ActiveCfg = Release|Any CPU
		{C94A3DB2-A5B9-457B-8117-E36D8ACC4D02}.Release|Any CPU.Build.0 = Release|Any CPU
		{0DBDD37D-CF21-4C1B-87A7-228DB8F7A676}.Debug|Any CPU.ActiveCfg = Debug|Any CPU
		{0DBDD37D-CF21-4C1B-87A7-228DB8F7A676}.Debug|Any CPU.Build.0 = Debug|Any CPU
		{0DBDD37D-CF21-4C1B-87A7-228DB8F7A676}.Release|Any CPU.ActiveCfg = Release|Any CPU
		{0DBDD37D-CF21-4C1B-87A7-228DB8F7A676}.Release|Any CPU.Build.0 = Release|Any CPU
		{D8B339E5-89DB-4CF1-B247-BFC181678428}.Debug|Any CPU.ActiveCfg = Debug|Any CPU
		{D8B339E5-89DB-4CF1-B247-BFC181678428}.Debug|Any CPU.Build.0 = Debug|Any CPU
		{D8B339E5-89DB-4CF1-B247-BFC181678428}.Release|Any CPU.ActiveCfg = Release|Any CPU
		{D8B339E5-89DB-4CF1-B247-BFC181678428}.Release|Any CPU.Build.0 = Release|Any CPU
		{9F92C14F-C68B-486B-B20F-B9CD02206D57}.Debug|Any CPU.ActiveCfg = Debug|Any CPU
		{9F92C14F-C68B-486B-B20F-B9CD02206D57}.Debug|Any CPU.Build.0 = Debug|Any CPU
		{9F92C14F-C68B-486B-B20F-B9CD02206D57}.Release|Any CPU.ActiveCfg = Release|Any CPU
		{9F92C14F-C68B-486B-B20F-B9CD02206D57}.Release|Any CPU.Build.0 = Release|Any CPU
		{1DC9CD28-E708-4EA4-B49C-2FBBDA4039EB}.Debug|Any CPU.ActiveCfg = Debug|Any CPU
		{1DC9CD28-E708-4EA4-B49C-2FBBDA4039EB}.Debug|Any CPU.Build.0 = Debug|Any CPU
		{1DC9CD28-E708-4EA4-B49C-2FBBDA4039EB}.Release|Any CPU.ActiveCfg = Release|Any CPU
		{1DC9CD28-E708-4EA4-B49C-2FBBDA4039EB}.Release|Any CPU.Build.0 = Release|Any CPU
		{FDA60E60-49D8-4437-BA3E-5F56231078DC}.Debug|Any CPU.ActiveCfg = Debug|Any CPU
		{FDA60E60-49D8-4437-BA3E-5F56231078DC}.Debug|Any CPU.Build.0 = Debug|Any CPU
		{FDA60E60-49D8-4437-BA3E-5F56231078DC}.Release|Any CPU.ActiveCfg = Release|Any CPU
		{FDA60E60-49D8-4437-BA3E-5F56231078DC}.Release|Any CPU.Build.0 = Release|Any CPU
		{409011C7-AC7B-4501-9A54-059774D73C33}.Debug|Any CPU.ActiveCfg = Debug|Any CPU
		{409011C7-AC7B-4501-9A54-059774D73C33}.Debug|Any CPU.Build.0 = Debug|Any CPU
		{409011C7-AC7B-4501-9A54-059774D73C33}.Release|Any CPU.ActiveCfg = Release|Any CPU
		{409011C7-AC7B-4501-9A54-059774D73C33}.Release|Any CPU.Build.0 = Release|Any CPU
	EndGlobalSection
	GlobalSection(SolutionProperties) = preSolution
		HideSolutionNode = FALSE
	EndGlobalSection
	GlobalSection(NestedProjects) = preSolution
		{AFB87A51-B015-44A7-AC89-66260A793EAC} = {2C3BC205-FA15-46BE-A8E5-16F6CF57ACFA}
		{39840C45-6839-4D54-8EBA-089C537884BF} = {2C3BC205-FA15-46BE-A8E5-16F6CF57ACFA}
		{0F026712-F7EF-4310-B4EB-DC1CFA2B598F} = {2C3BC205-FA15-46BE-A8E5-16F6CF57ACFA}
		{06ECE53A-1F9D-4576-9639-6C7B95C31C78} = {2C3BC205-FA15-46BE-A8E5-16F6CF57ACFA}
		{4737DDCC-148F-4E24-862F-870748F9C2BF} = {2C3BC205-FA15-46BE-A8E5-16F6CF57ACFA}
		{09B7410C-9099-4160-90F5-DF7F4BA05647} = {2C3BC205-FA15-46BE-A8E5-16F6CF57ACFA}
		{8FD822A7-DB28-4CE2-A273-2E02A6495C30} = {2C3BC205-FA15-46BE-A8E5-16F6CF57ACFA}
		{8FD0B93D-9C46-4B1D-96A1-F7F31AF4ADD1} = {E495CAAE-9E87-4F96-A98D-08A5DA0EFFEA}
		{868077BB-E34C-4943-838B-4C7E0B8034E7} = {8FD0B93D-9C46-4B1D-96A1-F7F31AF4ADD1}
		{31770179-403C-4402-9AC9-16D9F0772930} = {8FD0B93D-9C46-4B1D-96A1-F7F31AF4ADD1}
		{C94A3DB2-A5B9-457B-8117-E36D8ACC4D02} = {8FD0B93D-9C46-4B1D-96A1-F7F31AF4ADD1}
		{0DBDD37D-CF21-4C1B-87A7-228DB8F7A676} = {BF7B53A8-1924-41F0-8926-FDE7E4718B70}
		{D8B339E5-89DB-4CF1-B247-BFC181678428} = {BF7B53A8-1924-41F0-8926-FDE7E4718B70}
		{9F92C14F-C68B-486B-B20F-B9CD02206D57} = {BF7B53A8-1924-41F0-8926-FDE7E4718B70}
		{BF7B53A8-1924-41F0-8926-FDE7E4718B70} = {E495CAAE-9E87-4F96-A98D-08A5DA0EFFEA}
		{C6E2D33D-3B70-49E4-A7F5-B022094350CA} = {E495CAAE-9E87-4F96-A98D-08A5DA0EFFEA}
		{1DC9CD28-E708-4EA4-B49C-2FBBDA4039EB} = {C6E2D33D-3B70-49E4-A7F5-B022094350CA}
		{B5DFDE0C-AF69-4863-ACDD-2739C481D59A} = {E495CAAE-9E87-4F96-A98D-08A5DA0EFFEA}
		{FDA60E60-49D8-4437-BA3E-5F56231078DC} = {B5DFDE0C-AF69-4863-ACDD-2739C481D59A}
		{B3D7A9C3-BF0F-462D-8F91-027DC4E3F193} = {E495CAAE-9E87-4F96-A98D-08A5DA0EFFEA}
		{409011C7-AC7B-4501-9A54-059774D73C33} = {B3D7A9C3-BF0F-462D-8F91-027DC4E3F193}
	EndGlobalSection
	GlobalSection(ExtensibilityGlobals) = postSolution
		SolutionGuid = {80680DB6-2CF3-4974-BD1B-C04BDF7786AE}
	EndGlobalSection
EndGlobal
